
Microsoft Visual Studio Solution File, Format Version 12.00
# Visual Studio 15
Project("{FAE04EC0-301F-11D3-BF4B-00C04F79EFBC}") = "Projeto de Jogos", "Assembly-CSharp.csproj", "{9FD7B5E8-27D0-4916-6708-38F91A9B66FF}"
EndProject
Project("{FAE04EC0-301F-11D3-BF4B-00C04F79EFBC}") = "Projeto de Jogos", "Assembly-CSharp-Editor.csproj", "{C8F81BCF-DEE0-DFBD-E1C3-E7E9320EDD6A}"
EndProject
Global
	GlobalSection(SolutionConfigurationPlatforms) = preSolution
		Debug|Any CPU = Debug|Any CPU
		Release|Any CPU = Release|Any CPU
	EndGlobalSection
	GlobalSection(ProjectConfigurationPlatforms) = postSolution
		{9FD7B5E8-27D0-4916-6708-38F91A9B66FF}.Debug|Any CPU.ActiveCfg = Debug|Any CPU
		{9FD7B5E8-27D0-4916-6708-38F91A9B66FF}.Debug|Any CPU.Build.0 = Debug|Any CPU
		{9FD7B5E8-27D0-4916-6708-38F91A9B66FF}.Release|Any CPU.ActiveCfg = Release|Any CPU
		{9FD7B5E8-27D0-4916-6708-38F91A9B66FF}.Release|Any CPU.Build.0 = Release|Any CPU
		{C8F81BCF-DEE0-DFBD-E1C3-E7E9320EDD6A}.Debug|Any CPU.ActiveCfg = Debug|Any CPU
		{C8F81BCF-DEE0-DFBD-E1C3-E7E9320EDD6A}.Debug|Any CPU.Build.0 = Debug|Any CPU
		{C8F81BCF-DEE0-DFBD-E1C3-E7E9320EDD6A}.Release|Any CPU.ActiveCfg = Release|Any CPU
		{C8F81BCF-DEE0-DFBD-E1C3-E7E9320EDD6A}.Release|Any CPU.Build.0 = Release|Any CPU
	EndGlobalSection
	GlobalSection(SolutionProperties) = preSolution
		HideSolutionNode = FALSE
	EndGlobalSection
EndGlobal
